{
  "name": "4.9",
  "lockfileVersion": 3,
  "requires": true,
  "packages": {
    "": {
      "dependencies": {
        "types-registry": "^0.1.636"
      },
      "devDependencies": {
        "@types/chai": "^4.3.4",
        "@types/fs-extra": "^11.0.1",
        "@types/graceful-fs": "^4.1.6",
        "@types/prettier": "^2.7.2",
        "@types/universalify": "^1.0.0"
      }
    },
    "node_modules/@types/chai": {
      "version": "4.3.4",
      "resolved": "https://registry.npmjs.org/@types/chai/-/chai-4.3.4.tgz",
      "integrity": "sha512-KnRanxnpfpjUTqTCXslZSEdLfXExwgNxYPdiO2WGUj8+HDjFi8R3k5RVKPeSCzLjCcshCAtVO2QBbVuAV4kTnw==",
      "dev": true
    },
    "node_modules/@types/fs-extra": {
      "version": "11.0.1",
      "resolved": "https://registry.npmjs.org/@types/fs-extra/-/fs-extra-11.0.1.tgz",
      "integrity": "sha512-MxObHvNl4A69ofaTRU8DFqvgzzv8s9yRtaPPm5gud9HDNvpB3GPQFvNuTWAI59B9huVGV5jXYJwbCsmBsOGYWA==",
      "dev": true,
      "dependencies": {
        "@types/jsonfile": "*",
        "@types/node": "*"
      }
    },
    "node_modules/@types/graceful-fs": {
      "version": "4.1.6",
      "resolved": "https://registry.npmjs.org/@types/graceful-fs/-/graceful-fs-4.1.6.tgz",
      "integrity": "sha512-Sig0SNORX9fdW+bQuTEovKj3uHcUL6LQKbCrrqb1X7J6/ReAbhCXRAhc+SMejhLELFj2QcyuxmUooZ4bt5ReSw==",
      "dev": true,
      "dependencies": {
        "@types/node": "*"
      }
    },
    "node_modules/@types/jsonfile": {
      "version": "6.1.1",
      "resolved": "https://registry.npmjs.org/@types/jsonfile/-/jsonfile-6.1.1.tgz",
      "integrity": "sha512-GSgiRCVeapDN+3pqA35IkQwasaCh/0YFH5dEF6S88iDvEn901DjOeH3/QPY+XYP1DFzDZPvIvfeEgk+7br5png==",
      "dev": true,
      "dependencies": {
        "@types/node": "*"
      }
    },
    "node_modules/@types/node": {
      "version": "18.14.6",
      "resolved": "https://registry.npmjs.org/@types/node/-/node-18.14.6.tgz",
      "integrity": "sha512-93+VvleD3mXwlLI/xASjw0FzKcwzl3OdTCzm1LaRfqgS21gfFtK3zDXM5Op9TeeMsJVOaJ2VRDpT9q4Y3d0AvA==",
      "dev": true
    },
    "node_modules/@types/prettier": {
      "version": "2.7.2",
      "resolved": "https://registry.npmjs.org/@types/prettier/-/prettier-2.7.2.tgz",
      "integrity": "sha512-KufADq8uQqo1pYKVIYzfKbJfBAc0sOeXqGbFaSpv8MRmC/zXgowNZmFcbngndGk922QDmOASEXUZCaY48gs4cg==",
      "dev": true
    },
    "node_modules/@types/universalify": {
      "version": "1.0.0",
      "resolved": "https://registry.npmjs.org/@types/universalify/-/universalify-1.0.0.tgz",
      "integrity": "sha512-Cqm/s2DU7YxTcTtQZkfG7kyOULQKsl0Mpd3dKAm0CbSStcRsQdy1nctCBGCmyNvxWUEYReqWkBIUvNHBN/Ja6w==",
      "dev": true
    },
    "node_modules/types-registry": {
      "version": "0.1.636",
      "resolved": "https://registry.npmjs.org/types-registry/-/types-registry-0.1.636.tgz",
      "integrity": "sha512-y42FN+eAjWARw7DNcigjjsMmh70lFLk5Ghb4AzZv4MymSuvqLMUjbz/iGz/xh6wSbSEKWkhxa57MHHJtxZ/Wnw=="
    }
  }
}
